// !$*UTF8*$!
{
	archiveVersion = 1;
	classes = {
	};
	objectVersion = 56;
	objects = {

/* Begin PBXBuildFile section */
		75F667792D3FD0BC00DA5910 /* DefaultCoreDataSwiftUIApp.swift in Sources */ = {isa = PBXBuildFile; fileRef = 75F667782D3FD0BC00DA5910 /* DefaultCoreDataSwiftUIApp.swift */; };
		75F6677B2D3FD0BC00DA5910 /* ContentView.swift in Sources */ = {isa = PBXBuildFile; fileRef = 75F6677A2D3FD0BC00DA5910 /* ContentView.swift */; };
		75F6677D2D3FD0BE00DA5910 /* Assets.xcassets in Resources */ = {isa = PBXBuildFile; fileRef = 75F6677C2D3FD0BE00DA5910 /* Assets.xcassets */; };
		75F667802D3FD0BE00DA5910 /* Preview Assets.xcassets in Resources */ = {isa = PBXBuildFile; fileRef = 75F6677F2D3FD0BE00DA5910 /* Preview Assets.xcassets */; };
		75F667822D3FD0BE00DA5910 /* Persistence.swift in Sources */ = {isa = PBXBuildFile; fileRef = 75F667812D3FD0BE00DA5910 /* Persistence.swift */; };
		75F667852D3FD0BE00DA5910 /* DefaultCoreDataSwiftUI.xcdatamodeld in Sources */ = {isa = PBXBuildFile; fileRef = 75F667832D3FD0BE00DA5910 /* DefaultCoreDataSwiftUI.xcdatamodeld */; };
		75F6678F2D3FD0BE00DA5910 /* DefaultCoreDataSwiftUITests.swift in Sources */ = {isa = PBXBuildFile; fileRef = 75F6678E2D3FD0BE00DA5910 /* DefaultCoreDataSwiftUITests.swift */; };
		75F667992D3FD0BE00DA5910 /* DefaultCoreDataSwiftUIUITests.swift in Sources */ = {isa = PBXBuildFile; fileRef = 75F667982D3FD0BE00DA5910 /* DefaultCoreDataSwiftUIUITests.swift */; };
		75F6679B2D3FD0BE00DA5910 /* DefaultCoreDataSwiftUIUITestsLaunchTests.swift in Sources */ = {isa = PBXBuildFile; fileRef = 75F6679A2D3FD0BE00DA5910 /* DefaultCoreDataSwiftUIUITestsLaunchTests.swift */; };
/* End PBXBuildFile section */

/* Begin PBXContainerItemProxy section */
		75F6678B2D3FD0BE00DA5910 /* PBXContainerItemProxy */ = {
			isa = PBXContainerItemProxy;
			containerPortal = 75F6676D2D3FD0BC00DA5910 /* Project object */;
			proxyType = 1;
			remoteGlobalIDString = 75F667742D3FD0BC00DA5910;
			remoteInfo = DefaultCoreDataSwiftUI;
		};
		75F667952D3FD0BE00DA5910 /* PBXContainerItemProxy */ = {
			isa = PBXContainerItemProxy;
			containerPortal = 75F6676D2D3FD0BC00DA5910 /* Project object */;
			proxyType = 1;
			remoteGlobalIDString = 75F667742D3FD0BC00DA5910;
			remoteInfo = DefaultCoreDataSwiftUI;
		};
/* End PBXContainerItemProxy section */

/* Begin PBXFileReference section */
		75F667752D3FD0BC00DA5910 /* DefaultCoreDataSwiftUI.app */ = {isa = PBXFileReference; explicitFileType = wrapper.application; includeInIndex = 0; path = DefaultCoreDataSwiftUI.app; sourceTree = BUILT_PRODUCTS_DIR; };
		75F667782D3FD0BC00DA5910 /* DefaultCoreDataSwiftUIApp.swift */ = {isa = PBXFileReference; lastKnownFileType = sourcecode.swift; path = DefaultCoreDataSwiftUIApp.swift; sourceTree = "<group>"; };
		75F6677A2D3FD0BC00DA5910 /* ContentView.swift */ = {isa = PBXFileReference; lastKnownFileType = sourcecode.swift; path = ContentView.swift; sourceTree = "<group>"; };
		75F6677C2D3FD0BE00DA5910 /* Assets.xcassets */ = {isa = PBXFileReference; lastKnownFileType = folder.assetcatalog; path = Assets.xcassets; sourceTree = "<group>"; };
		75F6677F2D3FD0BE00DA5910 /* Preview Assets.xcassets */ = {isa = PBXFileReference; lastKnownFileType = folder.assetcatalog; path = "Preview Assets.xcassets"; sourceTree = "<group>"; };
		75F667812D3FD0BE00DA5910 /* Persistence.swift */ = {isa = PBXFileReference; lastKnownFileType = sourcecode.swift; path = Persistence.swift; sourceTree = "<group>"; };
		75F667842D3FD0BE00DA5910 /* DefaultCoreDataSwiftUI.xcdatamodel */ = {isa = PBXFileReference; lastKnownFileType = wrapper.xcdatamodel; path = DefaultCoreDataSwiftUI.xcdatamodel; sourceTree = "<group>"; };
		75F6678A2D3FD0BE00DA5910 /* DefaultCoreDataSwiftUITests.xctest */ = {isa = PBXFileReference; explicitFileType = wrapper.cfbundle; includeInIndex = 0; path = DefaultCoreDataSwiftUITests.xctest; sourceTree = BUILT_PRODUCTS_DIR; };
		75F6678E2D3FD0BE00DA5910 /* DefaultCoreDataSwiftUITests.swift */ = {isa = PBXFileReference; lastKnownFileType = sourcecode.swift; path = DefaultCoreDataSwiftUITests.swift; sourceTree = "<group>"; };
		75F667942D3FD0BE00DA5910 /* DefaultCoreDataSwiftUIUITests.xctest */ = {isa = PBXFileReference; explicitFileType = wrapper.cfbundle; includeInIndex = 0; path = DefaultCoreDataSwiftUIUITests.xctest; sourceTree = BUILT_PRODUCTS_DIR; };
		75F667982D3FD0BE00DA5910 /* DefaultCoreDataSwiftUIUITests.swift */ = {isa = PBXFileReference; lastKnownFileType = sourcecode.swift; path = DefaultCoreDataSwiftUIUITests.swift; sourceTree = "<group>"; };
		75F6679A2D3FD0BE00DA5910 /* DefaultCoreDataSwiftUIUITestsLaunchTests.swift */ = {isa = PBXFileReference; lastKnownFileType = sourcecode.swift; path = DefaultCoreDataSwiftUIUITestsLaunchTests.swift; sourceTree = "<group>"; };
/* End PBXFileReference section */

/* Begin PBXFrameworksBuildPhase section */
		75F667722D3FD0BC00DA5910 /* Frameworks */ = {
			isa = PBXFrameworksBuildPhase;
			buildActionMask = 2147483647;
			files = (
			);
			runOnlyForDeploymentPostprocessing = 0;
		};
		75F667872D3FD0BE00DA5910 /* Frameworks */ = {
			isa = PBXFrameworksBuildPhase;
			buildActionMask = 2147483647;
			files = (
			);
			runOnlyForDeploymentPostprocessing = 0;
		};
		75F667912D3FD0BE00DA5910 /* Frameworks */ = {
			isa = PBXFrameworksBuildPhase;
			buildActionMask = 2147483647;
			files = (
			);
			runOnlyForDeploymentPostprocessing = 0;
		};
/* End PBXFrameworksBuildPhase section */

/* Begin PBXGroup section */
		75F6676C2D3FD0BC00DA5910 = {
			isa = PBXGroup;
			children = (
				75F667772D3FD0BC00DA5910 /* DefaultCoreDataSwiftUI */,
				75F6678D2D3FD0BE00DA5910 /* DefaultCoreDataSwiftUITests */,
				75F667972D3FD0BE00DA5910 /* DefaultCoreDataSwiftUIUITests */,
				75F667762D3FD0BC00DA5910 /* Products */,
			);
			sourceTree = "<group>";
		};
		75F667762D3FD0BC00DA5910 /* Products */ = {
			isa = PBXGroup;
			children = (
				75F667752D3FD0BC00DA5910 /* DefaultCoreDataSwiftUI.app */,
				75F6678A2D3FD0BE00DA5910 /* DefaultCoreDataSwiftUITests.xctest */,
				75F667942D3FD0BE00DA5910 /* DefaultCoreDataSwiftUIUITests.xctest */,
			);
			name = Products;
			sourceTree = "<group>";
		};
		75F667772D3FD0BC00DA5910 /* DefaultCoreDataSwiftUI */ = {
			isa = PBXGroup;
			children = (
				75F667782D3FD0BC00DA5910 /* DefaultCoreDataSwiftUIApp.swift */,
				75F6677A2D3FD0BC00DA5910 /* ContentView.swift */,
				75F6677C2D3FD0BE00DA5910 /* Assets.xcassets */,
				75F667812D3FD0BE00DA5910 /* Persistence.swift */,
				75F667832D3FD0BE00DA5910 /* DefaultCoreDataSwiftUI.xcdatamodeld */,
				75F6677E2D3FD0BE00DA5910 /* Preview Content */,
			);
			path = DefaultCoreDataSwiftUI;
			sourceTree = "<group>";
		};
		75F6677E2D3FD0BE00DA5910 /* Preview Content */ = {
			isa = PBXGroup;
			children = (
				75F6677F2D3FD0BE00DA5910 /* Preview Assets.xcassets */,
			);
			path = "Preview Content";
			sourceTree = "<group>";
		};
		75F6678D2D3FD0BE00DA5910 /* DefaultCoreDataSwiftUITests */ = {
			isa = PBXGroup;
			children = (
				75F6678E2D3FD0BE00DA5910 /* DefaultCoreDataSwiftUITests.swift */,
			);
			path = DefaultCoreDataSwiftUITests;
			sourceTree = "<group>";
		};
		75F667972D3FD0BE00DA5910 /* DefaultCoreDataSwiftUIUITests */ = {
			isa = PBXGroup;
			children = (
				75F667982D3FD0BE00DA5910 /* DefaultCoreDataSwiftUIUITests.swift */,
				75F6679A2D3FD0BE00DA5910 /* DefaultCoreDataSwiftUIUITestsLaunchTests.swift */,
			);
			path = DefaultCoreDataSwiftUIUITests;
			sourceTree = "<group>";
		};
/* End PBXGroup section */

/* Begin PBXNativeTarget section */
		75F667742D3FD0BC00DA5910 /* DefaultCoreDataSwiftUI */ = {
			isa = PBXNativeTarget;
			buildConfigurationList = 75F6679E2D3FD0BE00DA5910 /* Build configuration list for PBXNativeTarget "DefaultCoreDataSwiftUI" */;
			buildPhases = (
				75F667712D3FD0BC00DA5910 /* Sources */,
				75F667722D3FD0BC00DA5910 /* Frameworks */,
				75F667732D3FD0BC00DA5910 /* Resources */,
			);
			buildRules = (
			);
			dependencies = (
			);
			name = DefaultCoreDataSwiftUI;
			productName = DefaultCoreDataSwiftUI;
			productReference = 75F667752D3FD0BC00DA5910 /* DefaultCoreDataSwiftUI.app */;
			productType = "com.apple.product-type.application";
		};
		75F667892D3FD0BE00DA5910 /* DefaultCoreDataSwiftUITests */ = {
			isa = PBXNativeTarget;
			buildConfigurationList = 75F667A12D3FD0BE00DA5910 /* Build configuration list for PBXNativeTarget "DefaultCoreDataSwiftUITests" */;
			buildPhases = (
				75F667862D3FD0BE00DA5910 /* Sources */,
				75F667872D3FD0BE00DA5910 /* Frameworks */,
				75F667882D3FD0BE00DA5910 /* Resources */,
			);
			buildRules = (
			);
			dependencies = (
				75F6678C2D3FD0BE00DA5910 /* PBXTargetDependency */,
			);
			name = DefaultCoreDataSwiftUITests;
			productName = DefaultCoreDataSwiftUITests;
			productReference = 75F6678A2D3FD0BE00DA5910 /* DefaultCoreDataSwiftUITests.xctest */;
			productType = "com.apple.product-type.bundle.unit-test";
		};
		75F667932D3FD0BE00DA5910 /* DefaultCoreDataSwiftUIUITests */ = {
			isa = PBXNativeTarget;
			buildConfigurationList = 75F667A42D3FD0BE00DA5910 /* Build configuration list for PBXNativeTarget "DefaultCoreDataSwiftUIUITests" */;
			buildPhases = (
				75F667902D3FD0BE00DA5910 /* Sources */,
				75F667912D3FD0BE00DA5910 /* Frameworks */,
				75F667922D3FD0BE00DA5910 /* Resources */,
			);
			buildRules = (
			);
			dependencies = (
				75F667962D3FD0BE00DA5910 /* PBXTargetDependency */,
			);
			name = DefaultCoreDataSwiftUIUITests;
			productName = DefaultCoreDataSwiftUIUITests;
			productReference = 75F667942D3FD0BE00DA5910 /* DefaultCoreDataSwiftUIUITests.xctest */;
			productType = "com.apple.product-type.bundle.ui-testing";
		};
/* End PBXNativeTarget section */

/* Begin PBXProject section */
		75F6676D2D3FD0BC00DA5910 /* Project object */ = {
			isa = PBXProject;
			attributes = {
				BuildIndependentTargetsInParallel = 1;
				LastSwiftUpdateCheck = 1530;
				LastUpgradeCheck = 1530;
				TargetAttributes = {
					75F667742D3FD0BC00DA5910 = {
						CreatedOnToolsVersion = 15.3;
					};
					75F667892D3FD0BE00DA5910 = {
						CreatedOnToolsVersion = 15.3;
						TestTargetID = 75F667742D3FD0BC00DA5910;
					};
					75F667932D3FD0BE00DA5910 = {
						CreatedOnToolsVersion = 15.3;
						TestTargetID = 75F667742D3FD0BC00DA5910;
					};
				};
			};
			buildConfigurationList = 75F667702D3FD0BC00DA5910 /* Build configuration list for PBXProject "DefaultCoreDataSwiftUI" */;
			compatibilityVersion = "Xcode 14.0";
			developmentRegion = en;
			hasScannedForEncodings = 0;
			knownRegions = (
				en,
				Base,
			);
			mainGroup = 75F6676C2D3FD0BC00DA5910;
			productRefGroup = 75F667762D3FD0BC00DA5910 /* Products */;
			projectDirPath = "";
			projectRoot = "";
			targets = (
				75F667742D3FD0BC00DA5910 /* DefaultCoreDataSwiftUI */,
				75F667892D3FD0BE00DA5910 /* DefaultCoreDataSwiftUITests */,
				75F667932D3FD0BE00DA5910 /* DefaultCoreDataSwiftUIUITests */,
			);
		};
/* End PBXProject section */

/* Begin PBXResourcesBuildPhase section */
		75F667732D3FD0BC00DA5910 /* Resources */ = {
			isa = PBXResourcesBuildPhase;
			buildActionMask = 2147483647;
			files = (
				75F667802D3FD0BE00DA5910 /* Preview Assets.xcassets in Resources */,
				75F6677D2D3FD0BE00DA5910 /* Assets.xcassets in Resources */,
			);
			runOnlyForDeploymentPostprocessing = 0;
		};
		75F667882D3FD0BE00DA5910 /* Resources */ = {
			isa = PBXResourcesBuildPhase;
			buildActionMask = 2147483647;
			files = (
			);
			runOnlyForDeploymentPostprocessing = 0;
		};
		75F667922D3FD0BE00DA5910 /* Resources */ = {
			isa = PBXResourcesBuildPhase;
			buildActionMask = 2147483647;
			files = (
			);
			runOnlyForDeploymentPostprocessing = 0;
		};
/* End PBXResourcesBuildPhase section */

/* Begin PBXSourcesBuildPhase section */
		75F667712D3FD0BC00DA5910 /* Sources */ = {
			isa = PBXSourcesBuildPhase;
			buildActionMask = 2147483647;
			files = (
				75F667822D3FD0BE00DA5910 /* Persistence.swift in Sources */,
				75F6677B2D3FD0BC00DA5910 /* ContentView.swift in Sources */,
				75F667852D3FD0BE00DA5910 /* DefaultCoreDataSwiftUI.xcdatamodeld in Sources */,
				75F667792D3FD0BC00DA5910 /* DefaultCoreDataSwiftUIApp.swift in Sources */,
			);
			runOnlyForDeploymentPostprocessing = 0;
		};
		75F667862D3FD0BE00DA5910 /* Sources */ = {
			isa = PBXSourcesBuildPhase;
			buildActionMask = 2147483647;
			files = (
				75F6678F2D3FD0BE00DA5910 /* DefaultCoreDataSwiftUITests.swift in Sources */,
			);
			runOnlyForDeploymentPostprocessing = 0;
		};
		75F667902D3FD0BE00DA5910 /* Sources */ = {
			isa = PBXSourcesBuildPhase;
			buildActionMask = 2147483647;
			files = (
				75F667992D3FD0BE00DA5910 /* DefaultCoreDataSwiftUIUITests.swift in Sources */,
				75F6679B2D3FD0BE00DA5910 /* DefaultCoreDataSwiftUIUITestsLaunchTests.swift in Sources */,
			);
			runOnlyForDeploymentPostprocessing = 0;
		};
/* End PBXSourcesBuildPhase section */

/* Begin PBXTargetDependency section */
		75F6678C2D3FD0BE00DA5910 /* PBXTargetDependency */ = {
			isa = PBXTargetDependency;
			target = 75F667742D3FD0BC00DA5910 /* DefaultCoreDataSwiftUI */;
			targetProxy = 75F6678B2D3FD0BE00DA5910 /* PBXContainerItemProxy */;
		};
		75F667962D3FD0BE00DA5910 /* PBXTargetDependency */ = {
			isa = PBXTargetDependency;
			target = 75F667742D3FD0BC00DA5910 /* DefaultCoreDataSwiftUI */;
			targetProxy = 75F667952D3FD0BE00DA5910 /* PBXContainerItemProxy */;
		};
/* End PBXTargetDependency section */

/* Begin XCBuildConfiguration section */
		75F6679C2D3FD0BE00DA5910 /* Debug */ = {
			isa = XCBuildConfiguration;
			buildSettings = {
				ALWAYS_SEARCH_USER_PATHS = NO;
				ASSETCATALOG_COMPILER_GENERATE_SWIFT_ASSET_SYMBOL_EXTENSIONS = YES;
				CLANG_ANALYZER_NONNULL = YES;
				CLANG_ANALYZER_NUMBER_OBJECT_CONVERSION = YES_AGGRESSIVE;
				CLANG_CXX_LANGUAGE_STANDARD = "gnu++20";
				CLANG_ENABLE_MODULES = YES;
				CLANG_ENABLE_OBJC_ARC = YES;
				CLANG_ENABLE_OBJC_WEAK = YES;
				CLANG_WARN_BLOCK_CAPTURE_AUTORELEASING = YES;
				CLANG_WARN_BOOL_CONVERSION = YES;
				CLANG_WARN_COMMA = YES;
				CLANG_WARN_CONSTANT_CONVERSION = YES;
				CLANG_WARN_DEPRECATED_OBJC_IMPLEMENTATIONS = YES;
				CLANG_WARN_DIRECT_OBJC_ISA_USAGE = YES_ERROR;
				CLANG_WARN_DOCUMENTATION_COMMENTS = YES;
				CLANG_WARN_EMPTY_BODY = YES;
				CLANG_WARN_ENUM_CONVERSION = YES;
				CLANG_WARN_INFINITE_RECURSION = YES;
				CLANG_WARN_INT_CONVERSION = YES;
				CLANG_WARN_NON_LITERAL_NULL_CONVERSION = YES;
				CLANG_WARN_OBJC_IMPLICIT_RETAIN_SELF = YES;
				CLANG_WARN_OBJC_LITERAL_CONVERSION = YES;
				CLANG_WARN_OBJC_ROOT_CLASS = YES_ERROR;
				CLANG_WARN_QUOTED_INCLUDE_IN_FRAMEWORK_HEADER = YES;
				CLANG_WARN_RANGE_LOOP_ANALYSIS = YES;
				CLANG_WARN_STRICT_PROTOTYPES = YES;
				CLANG_WARN_SUSPICIOUS_MOVE = YES;
				CLANG_WARN_UNGUARDED_AVAILABILITY = YES_AGGRESSIVE;
				CLANG_WARN_UNREACHABLE_CODE = YES;
				CLANG_WARN__DUPLICATE_METHOD_MATCH = YES;
				COPY_PHASE_STRIP = NO;
				DEBUG_INFORMATION_FORMAT = dwarf;
				ENABLE_STRICT_OBJC_MSGSEND = YES;
				ENABLE_TESTABILITY = YES;
				ENABLE_USER_SCRIPT_SANDBOXING = YES;
				GCC_C_LANGUAGE_STANDARD = gnu17;
				GCC_DYNAMIC_NO_PIC = NO;
				GCC_NO_COMMON_BLOCKS = YES;
				GCC_OPTIMIZATION_LEVEL = 0;
				GCC_PREPROCESSOR_DEFINITIONS = (
					"DEBUG=1",
					"$(inherited)",
				);
				GCC_WARN_64_TO_32_BIT_CONVERSION = YES;
				GCC_WARN_ABOUT_RETURN_TYPE = YES_ERROR;
				GCC_WARN_UNDECLARED_SELECTOR = YES;
				GCC_WARN_UNINITIALIZED_AUTOS = YES_AGGRESSIVE;
				GCC_WARN_UNUSED_FUNCTION = YES;
				GCC_WARN_UNUSED_VARIABLE = YES;
				IPHONEOS_DEPLOYMENT_TARGET = 17.4;
				LOCALIZATION_PREFERS_STRING_CATALOGS = YES;
				MTL_ENABLE_DEBUG_INFO = INCLUDE_SOURCE;
				MTL_FAST_MATH = YES;
				ONLY_ACTIVE_ARCH = YES;
				SDKROOT = iphoneos;
				SWIFT_ACTIVE_COMPILATION_CONDITIONS = "DEBUG $(inherited)";
				SWIFT_OPTIMIZATION_LEVEL = "-Onone";
			};
			name = Debug;
		};
		75F6679D2D3FD0BE00DA5910 /* Release */ = {
			isa = XCBuildConfiguration;
			buildSettings = {
				ALWAYS_SEARCH_USER_PATHS = NO;
				ASSETCATALOG_COMPILER_GENERATE_SWIFT_ASSET_SYMBOL_EXTENSIONS = YES;
				CLANG_ANALYZER_NONNULL = YES;
				CLANG_ANALYZER_NUMBER_OBJECT_CONVERSION = YES_AGGRESSIVE;
				CLANG_CXX_LANGUAGE_STANDARD = "gnu++20";
				CLANG_ENABLE_MODULES = YES;
				CLANG_ENABLE_OBJC_ARC = YES;
				CLANG_ENABLE_OBJC_WEAK = YES;
				CLANG_WARN_BLOCK_CAPTURE_AUTORELEASING = YES;
				CLANG_WARN_BOOL_CONVERSION = YES;
				CLANG_WARN_COMMA = YES;
				CLANG_WARN_CONSTANT_CONVERSION = YES;
				CLANG_WARN_DEPRECATED_OBJC_IMPLEMENTATIONS = YES;
				CLANG_WARN_DIRECT_OBJC_ISA_USAGE = YES_ERROR;
				CLANG_WARN_DOCUMENTATION_COMMENTS = YES;
				CLANG_WARN_EMPTY_BODY = YES;
				CLANG_WARN_ENUM_CONVERSION = YES;
				CLANG_WARN_INFINITE_RECURSION = YES;
				CLANG_WARN_INT_CONVERSION = YES;
				CLANG_WARN_NON_LITERAL_NULL_CONVERSION = YES;
				CLANG_WARN_OBJC_IMPLICIT_RETAIN_SELF = YES;
				CLANG_WARN_OBJC_LITERAL_CONVERSION = YES;
				CLANG_WARN_OBJC_ROOT_CLASS = YES_ERROR;
				CLANG_WARN_QUOTED_INCLUDE_IN_FRAMEWORK_HEADER = YES;
				CLANG_WARN_RANGE_LOOP_ANALYSIS = YES;
				CLANG_WARN_STRICT_PROTOTYPES = YES;
				CLANG_WARN_SUSPICIOUS_MOVE = YES;
				CLANG_WARN_UNGUARDED_AVAILABILITY = YES_AGGRESSIVE;
				CLANG_WARN_UNREACHABLE_CODE = YES;
				CLANG_WARN__DUPLICATE_METHOD_MATCH = YES;
				COPY_PHASE_STRIP = NO;
				DEBUG_INFORMATION_FORMAT = "dwarf-with-dsym";
				ENABLE_NS_ASSERTIONS = NO;
				ENABLE_STRICT_OBJC_MSGSEND = YES;
				ENABLE_USER_SCRIPT_SANDBOXING = YES;
				GCC_C_LANGUAGE_STANDARD = gnu17;
				GCC_NO_COMMON_BLOCKS = YES;
				GCC_WARN_64_TO_32_BIT_CONVERSION = YES;
				GCC_WARN_ABOUT_RETURN_TYPE = YES_ERROR;
				GCC_WARN_UNDECLARED_SELECTOR = YES;
				GCC_WARN_UNINITIALIZED_AUTOS = YES_AGGRESSIVE;
				GCC_WARN_UNUSED_FUNCTION = YES;
				GCC_WARN_UNUSED_VARIABLE = YES;
				IPHONEOS_DEPLOYMENT_TARGET = 17.4;
				LOCALIZATION_PREFERS_STRING_CATALOGS = YES;
				MTL_ENABLE_DEBUG_INFO = NO;
				MTL_FAST_MATH = YES;
				SDKROOT = iphoneos;
				SWIFT_COMPILATION_MODE = wholemodule;
				VALIDATE_PRODUCT = YES;
			};
			name = Release;
		};
		75F6679F2D3FD0BE00DA5910 /* Debug */ = {
			isa = XCBuildConfiguration;
			buildSettings = {
				ASSETCATALOG_COMPILER_APPICON_NAME = AppIcon;
				ASSETCATALOG_COMPILER_GLOBAL_ACCENT_COLOR_NAME = AccentColor;
				CODE_SIGN_STYLE = Automatic;
				CURRENT_PROJECT_VERSION = 1;
				DEVELOPMENT_ASSET_PATHS = "\"DefaultCoreDataSwiftUI/Preview Content\"";
				ENABLE_PREVIEWS = YES;
				GENERATE_INFOPLIST_FILE = YES;
				INFOPLIST_KEY_UIApplicationSceneManifest_Generation = YES;
				INFOPLIST_KEY_UIApplicationSupportsIndirectInputEvents = YES;
				INFOPLIST_KEY_UILaunchScreen_Generation = YES;
				INFOPLIST_KEY_UISupportedInterfaceOrientations_iPad = "UIInterfaceOrientationPortrait UIInterfaceOrientationPortraitUpsideDown UIInterfaceOrientationLandscapeLeft UIInterfaceOrientationLandscapeRight";
				INFOPLIST_KEY_UISupportedInterfaceOrientations_iPhone = "UIInterfaceOrientationPortrait UIInterfaceOrientationLandscapeLeft UIInterfaceOrientationLandscapeRight";
				LD_RUNPATH_SEARCH_PATHS = (
					"$(inherited)",
					"@executable_path/Frameworks",
				);
				MARKETING_VERSION = 1.0;
				PRODUCT_BUNDLE_IDENTIFIER = SK.DefaultCoreDataSwiftUI;
				PRODUCT_NAME = "$(TARGET_NAME)";
				SWIFT_EMIT_LOC_STRINGS = YES;
				SWIFT_VERSION = 5.0;
				TARGETED_DEVICE_FAMILY = "1,2";
			};
			name = Debug;
		};
		75F667A02D3FD0BE00DA5910 /* Release */ = {
			isa = XCBuildConfiguration;
			buildSettings = {
				ASSETCATALOG_COMPILER_APPICON_NAME = AppIcon;
				ASSETCATALOG_COMPILER_GLOBAL_ACCENT_COLOR_NAME = AccentColor;
				CODE_SIGN_STYLE = Automatic;
				CURRENT_PROJECT_VERSION = 1;
				DEVELOPMENT_ASSET_PATHS = "\"DefaultCoreDataSwiftUI/Preview Content\"";
				ENABLE_PREVIEWS = YES;
				GENERATE_INFOPLIST_FILE = YES;
				INFOPLIST_KEY_UIApplicationSceneManifest_Generation = YES;
				INFOPLIST_KEY_UIApplicationSupportsIndirectInputEvents = YES;
				INFOPLIST_KEY_UILaunchScreen_Generation = YES;
				INFOPLIST_KEY_UISupportedInterfaceOrientations_iPad = "UIInterfaceOrientationPortrait UIInterfaceOrientationPortraitUpsideDown UIInterfaceOrientationLandscapeLeft UIInterfaceOrientationLandscapeRight";
				INFOPLIST_KEY_UISupportedInterfaceOrientations_iPhone = "UIInterfaceOrientationPortrait UIInterfaceOrientationLandscapeLeft UIInterfaceOrientationLandscapeRight";
				LD_RUNPATH_SEARCH_PATHS = (
					"$(inherited)",
					"@executable_path/Frameworks",
				);
				MARKETING_VERSION = 1.0;
				PRODUCT_BUNDLE_IDENTIFIER = SK.DefaultCoreDataSwiftUI;
				PRODUCT_NAME = "$(TARGET_NAME)";
				SWIFT_EMIT_LOC_STRINGS = YES;
				SWIFT_VERSION = 5.0;
				TARGETED_DEVICE_FAMILY = "1,2";
			};
			name = Release;
		};
		75F667A22D3FD0BE00DA5910 /* Debug */ = {
			isa = XCBuildConfiguration;
			buildSettings = {
				ALWAYS_EMBED_SWIFT_STANDARD_LIBRARIES = YES;
				BUNDLE_LOADER = "$(TEST_HOST)";
				CODE_SIGN_STYLE = Automatic;
				CURRENT_PROJECT_VERSION = 1;
				GENERATE_INFOPLIST_FILE = YES;
				IPHONEOS_DEPLOYMENT_TARGET = 17.4;
				MARKETING_VERSION = 1.0;
				PRODUCT_BUNDLE_IDENTIFIER = SK.DefaultCoreDataSwiftUITests;
				PRODUCT_NAME = "$(TARGET_NAME)";
				SWIFT_EMIT_LOC_STRINGS = NO;
				SWIFT_VERSION = 5.0;
				TARGETED_DEVICE_FAMILY = "1,2";
				TEST_HOST = "$(BUILT_PRODUCTS_DIR)/DefaultCoreDataSwiftUI.app/$(BUNDLE_EXECUTABLE_FOLDER_PATH)/DefaultCoreDataSwiftUI";
			};
			name = Debug;
		};
		75F667A32D3FD0BE00DA5910 /* Release */ = {
			isa = XCBuildConfiguration;
			buildSettings = {
				ALWAYS_EMBED_SWIFT_STANDARD_LIBRARIES = YES;
				BUNDLE_LOADER = "$(TEST_HOST)";
				CODE_SIGN_STYLE = Automatic;
				CURRENT_PROJECT_VERSION = 1;
				GENERATE_INFOPLIST_FILE = YES;
				IPHONEOS_DEPLOYMENT_TARGET = 17.4;
				MARKETING_VERSION = 1.0;
				PRODUCT_BUNDLE_IDENTIFIER = SK.DefaultCoreDataSwiftUITests;
				PRODUCT_NAME = "$(TARGET_NAME)";
				SWIFT_EMIT_LOC_STRINGS = NO;
				SWIFT_VERSION = 5.0;
				TARGETED_DEVICE_FAMILY = "1,2";
				TEST_HOST = "$(BUILT_PRODUCTS_DIR)/DefaultCoreDataSwiftUI.app/$(BUNDLE_EXECUTABLE_FOLDER_PATH)/DefaultCoreDataSwiftUI";
			};
			name = Release;
		};
		75F667A52D3FD0BE00DA5910 /* Debug */ = {
			isa = XCBuildConfiguration;
			buildSettings = {
				ALWAYS_EMBED_SWIFT_STANDARD_LIBRARIES = YES;
				CODE_SIGN_STYLE = Automatic;
				CURRENT_PROJECT_VERSION = 1;
				GENERATE_INFOPLIST_FILE = YES;
				MARKETING_VERSION = 1.0;
				PRODUCT_BUNDLE_IDENTIFIER = SK.DefaultCoreDataSwiftUIUITests;
				PRODUCT_NAME = "$(TARGET_NAME)";
				SWIFT_EMIT_LOC_STRINGS = NO;
				SWIFT_VERSION = 5.0;
				TARGETED_DEVICE_FAMILY = "1,2";
				TEST_TARGET_NAME = DefaultCoreDataSwiftUI;
			};
			name = Debug;
		};
		75F667A62D3FD0BE00DA5910 /* Release */ = {
			isa = XCBuildConfiguration;
			buildSettings = {
				ALWAYS_EMBED_SWIFT_STANDARD_LIBRARIES = YES;
				CODE_SIGN_STYLE = Automatic;
				CURRENT_PROJECT_VERSION = 1;
				GENERATE_INFOPLIST_FILE = YES;
				MARKETING_VERSION = 1.0;
				PRODUCT_BUNDLE_IDENTIFIER = SK.DefaultCoreDataSwiftUIUITests;
				PRODUCT_NAME = "$(TARGET_NAME)";
				SWIFT_EMIT_LOC_STRINGS = NO;
				SWIFT_VERSION = 5.0;
				TARGETED_DEVICE_FAMILY = "1,2";
				TEST_TARGET_NAME = DefaultCoreDataSwiftUI;
			};
			name = Release;
		};
/* End XCBuildConfiguration section */

/* Begin XCConfigurationList section */
		75F667702D3FD0BC00DA5910 /* Build configuration list for PBXProject "DefaultCoreDataSwiftUI" */ = {
			isa = XCConfigurationList;
			buildConfigurations = (
				75F6679C2D3FD0BE00DA5910 /* Debug */,
				75F6679D2D3FD0BE00DA5910 /* Release */,
			);
			defaultConfigurationIsVisible = 0;
			defaultConfigurationName = Release;
		};
		75F6679E2D3FD0BE00DA5910 /* Build configuration list for PBXNativeTarget "DefaultCoreDataSwiftUI" */ = {
			isa = XCConfigurationList;
			buildConfigurations = (
				75F6679F2D3FD0BE00DA5910 /* Debug */,
				75F667A02D3FD0BE00DA5910 /* Release */,
			);
			defaultConfigurationIsVisible = 0;
			defaultConfigurationName = Release;
		};
		75F667A12D3FD0BE00DA5910 /* Build configuration list for PBXNativeTarget "DefaultCoreDataSwiftUITests" */ = {
			isa = XCConfigurationList;
			buildConfigurations = (
				75F667A22D3FD0BE00DA5910 /* Debug */,
				75F667A32D3FD0BE00DA5910 /* Release */,
			);
			defaultConfigurationIsVisible = 0;
			defaultConfigurationName = Release;
		};
		75F667A42D3FD0BE00DA5910 /* Build configuration list for PBXNativeTarget "DefaultCoreDataSwiftUIUITests" */ = {
			isa = XCConfigurationList;
			buildConfigurations = (
				75F667A52D3FD0BE00DA5910 /* Debug */,
				75F667A62D3FD0BE00DA5910 /* Release */,
			);
			defaultConfigurationIsVisible = 0;
			defaultConfigurationName = Release;
		};
/* End XCConfigurationList section */

/* Begin XCVersionGroup section */
		75F667832D3FD0BE00DA5910 /* DefaultCoreDataSwiftUI.xcdatamodeld */ = {
			isa = XCVersionGroup;
			children = (
				75F667842D3FD0BE00DA5910 /* DefaultCoreDataSwiftUI.xcdatamodel */,
			);
			currentVersion = 75F667842D3FD0BE00DA5910 /* DefaultCoreDataSwiftUI.xcdatamodel */;
			path = DefaultCoreDataSwiftUI.xcdatamodeld;
			sourceTree = "<group>";
			versionGroupType = wrapper.xcdatamodel;
		};
/* End XCVersionGroup section */
	};
	rootObject = 75F6676D2D3FD0BC00DA5910 /* Project object */;
}
